{
    "_meta": {
        "hash": {
            "sha256": "6dae493ae8775d835687e6fa2f7ef4090c04fdc071d3cadeaa73015746065ee1"
        },
        "pipfile-spec": 6,
        "requires": {
            "python_version": "3.6"
        },
        "sources": [
            {
                "name": "pypi",
                "url": "https://pypi.org/simple",
                "verify_ssl": true
            }
        ]
    },
    "default": {
        "epab": {
            "git": "https://github.com/etcher-be/epab",
            "ref": "54274634e61dec00ceddbdeeff95905940b302cc"
        }
    },
    "develop": {}
}
